
Microsoft Visual Studio Solution File, Format Version 12.00
# Visual Studio Version 17
VisualStudioVersion = 17.9.34607.119
MinimumVisualStudioVersion = 10.0.40219.1
Project("{9A19103F-16F7-4668-BE54-9A1E7A4F7556}") = "web-api-permissions", "web-api-permissions\web-api-permissions.csproj", "{DB0339C0-8323-4EBC-82AC-2D02048AFC39}"
	ProjectSection(ProjectDependencies) = postProject
		{8377C8E5-81C6-44E8-AC47-6ED1877FCDFF} = {8377C8E5-81C6-44E8-AC47-6ED1877FCDFF}
		{CFDC9E96-1EF8-4B9A-B7F7-FCEA43593546} = {CFDC9E96-1EF8-4B9A-B7F7-FCEA43593546}
	EndProjectSection
EndProject
Project("{FAE04EC0-301F-11D3-BF4B-00C04F79EFBC}") = "Domain", "Domain\Domain.csproj", "{CFDC9E96-1EF8-4B9A-B7F7-FCEA43593546}"
EndProject
Project("{FAE04EC0-301F-11D3-BF4B-00C04F79EFBC}") = "Infrastructure", "Infrastructure\Infrastructure.csproj", "{8377C8E5-81C6-44E8-AC47-6ED1877FCDFF}"
EndProject
Global
	GlobalSection(SolutionConfigurationPlatforms) = preSolution
		Debug|Any CPU = Debug|Any CPU
		Release|Any CPU = Release|Any CPU
	EndGlobalSection
	GlobalSection(ProjectConfigurationPlatforms) = postSolution
		{DB0339C0-8323-4EBC-82AC-2D02048AFC39}.Debug|Any CPU.ActiveCfg = Debug|Any CPU
		{DB0339C0-8323-4EBC-82AC-2D02048AFC39}.Debug|Any CPU.Build.0 = Debug|Any CPU
		{DB0339C0-8323-4EBC-82AC-2D02048AFC39}.Release|Any CPU.ActiveCfg = Release|Any CPU
		{DB0339C0-8323-4EBC-82AC-2D02048AFC39}.Release|Any CPU.Build.0 = Release|Any CPU
		{CFDC9E96-1EF8-4B9A-B7F7-FCEA43593546}.Debug|Any CPU.ActiveCfg = Debug|Any CPU
		{CFDC9E96-1EF8-4B9A-B7F7-FCEA43593546}.Debug|Any CPU.Build.0 = Debug|Any CPU
		{CFDC9E96-1EF8-4B9A-B7F7-FCEA43593546}.Release|Any CPU.ActiveCfg = Release|Any CPU
		{CFDC9E96-1EF8-4B9A-B7F7-FCEA43593546}.Release|Any CPU.Build.0 = Release|Any CPU
		{8377C8E5-81C6-44E8-AC47-6ED1877FCDFF}.Debug|Any CPU.ActiveCfg = Debug|Any CPU
		{8377C8E5-81C6-44E8-AC47-6ED1877FCDFF}.Debug|Any CPU.Build.0 = Debug|Any CPU
		{8377C8E5-81C6-44E8-AC47-6ED1877FCDFF}.Release|Any CPU.ActiveCfg = Release|Any CPU
		{8377C8E5-81C6-44E8-AC47-6ED1877FCDFF}.Release|Any CPU.Build.0 = Release|Any CPU
	EndGlobalSection
	GlobalSection(SolutionProperties) = preSolution
		HideSolutionNode = FALSE
	EndGlobalSection
	GlobalSection(ExtensibilityGlobals) = postSolution
		SolutionGuid = {866F1637-D21F-42C3-8BC7-2E50D3FB9EC7}
	EndGlobalSection
EndGlobal
